// !$*UTF8*$!
{
	archiveVersion = 1;
	classes = {
	};
	objectVersion = 77;
	objects = {

/* Begin PBXContainerItemProxy section */
		235E02CC2D28D29500EA7B52 /* PBXContainerItemProxy */ = {
			isa = PBXContainerItemProxy;
			containerPortal = 235E02AD2D28D29400EA7B52 /* Project object */;
			proxyType = 1;
			remoteGlobalIDString = 235E02B42D28D29400EA7B52;
			remoteInfo = "Code Path prework";
		};
		235E02D62D28D29500EA7B52 /* PBXContainerItemProxy */ = {
			isa = PBXContainerItemProxy;
			containerPortal = 235E02AD2D28D29400EA7B52 /* Project object */;
			proxyType = 1;
			remoteGlobalIDString = 235E02B42D28D29400EA7B52;
			remoteInfo = "Code Path prework";
		};
/* End PBXContainerItemProxy section */

/* Begin PBXFileReference section */
		235E02B52D28D29400EA7B52 /* Code Path prework.app */ = {isa = PBXFileReference; explicitFileType = wrapper.application; includeInIndex = 0; path = "Code Path prework.app"; sourceTree = BUILT_PRODUCTS_DIR; };
		235E02CB2D28D29500EA7B52 /* Code Path preworkTests.xctest */ = {isa = PBXFileReference; explicitFileType = wrapper.cfbundle; includeInIndex = 0; path = "Code Path preworkTests.xctest"; sourceTree = BUILT_PRODUCTS_DIR; };
		235E02D52D28D29500EA7B52 /* Code Path preworkUITests.xctest */ = {isa = PBXFileReference; explicitFileType = wrapper.cfbundle; includeInIndex = 0; path = "Code Path preworkUITests.xctest"; sourceTree = BUILT_PRODUCTS_DIR; };
/* End PBXFileReference section */

/* Begin PBXFileSystemSynchronizedBuildFileExceptionSet section */
		235E02DD2D28D29500EA7B52 /* Exceptions for "Code Path prework" folder in "Code Path prework" target */ = {
			isa = PBXFileSystemSynchronizedBuildFileExceptionSet;
			membershipExceptions = (
				Info.plist,
			);
			target = 235E02B42D28D29400EA7B52 /* Code Path prework */;
		};
/* End PBXFileSystemSynchronizedBuildFileExceptionSet section */

/* Begin PBXFileSystemSynchronizedRootGroup section */
		235E02B72D28D29400EA7B52 /* Code Path prework */ = {
			isa = PBXFileSystemSynchronizedRootGroup;
			exceptions = (
				235E02DD2D28D29500EA7B52 /* Exceptions for "Code Path prework" folder in "Code Path prework" target */,
			);
			path = "Code Path prework";
			sourceTree = "<group>";
		};
		235E02CE2D28D29500EA7B52 /* Code Path preworkTests */ = {
			isa = PBXFileSystemSynchronizedRootGroup;
			path = "Code Path preworkTests";
			sourceTree = "<group>";
		};
		235E02D82D28D29500EA7B52 /* Code Path preworkUITests */ = {
			isa = PBXFileSystemSynchronizedRootGroup;
			path = "Code Path preworkUITests";
			sourceTree = "<group>";
		};
/* End PBXFileSystemSynchronizedRootGroup section */

/* Begin PBXFrameworksBuildPhase section */
		235E02B22D28D29400EA7B52 /* Frameworks */ = {
			isa = PBXFrameworksBuildPhase;
			buildActionMask = 2147483647;
			files = (
			);
			runOnlyForDeploymentPostprocessing = 0;
		};
		235E02C82D28D29500EA7B52 /* Frameworks */ = {
			isa = PBXFrameworksBuildPhase;
			buildActionMask = 2147483647;
			files = (
			);
			runOnlyForDeploymentPostprocessing = 0;
		};
		235E02D22D28D29500EA7B52 /* Frameworks */ = {
			isa = PBXFrameworksBuildPhase;
			buildActionMask = 2147483647;
			files = (
			);
			runOnlyForDeploymentPostprocessing = 0;
		};
/* End PBXFrameworksBuildPhase section */

/* Begin PBXGroup section */
		235E02AC2D28D29400EA7B52 = {
			isa = PBXGroup;
			children = (
				235E02B72D28D29400EA7B52 /* Code Path prework */,
				235E02CE2D28D29500EA7B52 /* Code Path preworkTests */,
				235E02D82D28D29500EA7B52 /* Code Path preworkUITests */,
				235E02B62D28D29400EA7B52 /* Products */,
			);
			sourceTree = "<group>";
		};
		235E02B62D28D29400EA7B52 /* Products */ = {
			isa = PBXGroup;
			children = (
				235E02B52D28D29400EA7B52 /* Code Path prework.app */,
				235E02CB2D28D29500EA7B52 /* Code Path preworkTests.xctest */,
				235E02D52D28D29500EA7B52 /* Code Path preworkUITests.xctest */,
			);
			name = Products;
			sourceTree = "<group>";
		};
/* End PBXGroup section */

/* Begin PBXNativeTarget section */
		235E02B42D28D29400EA7B52 /* Code Path prework */ = {
			isa = PBXNativeTarget;
			buildConfigurationList = 235E02DE2D28D29500EA7B52 /* Build configuration list for PBXNativeTarget "Code Path prework" */;
			buildPhases = (
				235E02B12D28D29400EA7B52 /* Sources */,
				235E02B22D28D29400EA7B52 /* Frameworks */,
				235E02B32D28D29400EA7B52 /* Resources */,
			);
			buildRules = (
			);
			dependencies = (
			);
			fileSystemSynchronizedGroups = (
				235E02B72D28D29400EA7B52 /* Code Path prework */,
			);
			name = "Code Path prework";
			packageProductDependencies = (
			);
			productName = "Code Path prework";
			productReference = 235E02B52D28D29400EA7B52 /* Code Path prework.app */;
			productType = "com.apple.product-type.application";
		};
		235E02CA2D28D29500EA7B52 /* Code Path preworkTests */ = {
			isa = PBXNativeTarget;
			buildConfigurationList = 235E02E32D28D29500EA7B52 /* Build configuration list for PBXNativeTarget "Code Path preworkTests" */;
			buildPhases = (
				235E02C72D28D29500EA7B52 /* Sources */,
				235E02C82D28D29500EA7B52 /* Frameworks */,
				235E02C92D28D29500EA7B52 /* Resources */,
			);
			buildRules = (
			);
			dependencies = (
				235E02CD2D28D29500EA7B52 /* PBXTargetDependency */,
			);
			fileSystemSynchronizedGroups = (
				235E02CE2D28D29500EA7B52 /* Code Path preworkTests */,
			);
			name = "Code Path preworkTests";
			packageProductDependencies = (
			);
			productName = "Code Path preworkTests";
			productReference = 235E02CB2D28D29500EA7B52 /* Code Path preworkTests.xctest */;
			productType = "com.apple.product-type.bundle.unit-test";
		};
		235E02D42D28D29500EA7B52 /* Code Path preworkUITests */ = {
			isa = PBXNativeTarget;
			buildConfigurationList = 235E02E62D28D29500EA7B52 /* Build configuration list for PBXNativeTarget "Code Path preworkUITests" */;
			buildPhases = (
				235E02D12D28D29500EA7B52 /* Sources */,
				235E02D22D28D29500EA7B52 /* Frameworks */,
				235E02D32D28D29500EA7B52 /* Resources */,
			);
			buildRules = (
			);
			dependencies = (
				235E02D72D28D29500EA7B52 /* PBXTargetDependency */,
			);
			fileSystemSynchronizedGroups = (
				235E02D82D28D29500EA7B52 /* Code Path preworkUITests */,
			);
			name = "Code Path preworkUITests";
			packageProductDependencies = (
			);
			productName = "Code Path preworkUITests";
			productReference = 235E02D52D28D29500EA7B52 /* Code Path preworkUITests.xctest */;
			productType = "com.apple.product-type.bundle.ui-testing";
		};
/* End PBXNativeTarget section */

/* Begin PBXProject section */
		235E02AD2D28D29400EA7B52 /* Project object */ = {
			isa = PBXProject;
			attributes = {
				BuildIndependentTargetsInParallel = 1;
				LastSwiftUpdateCheck = 1620;
				LastUpgradeCheck = 1620;
				TargetAttributes = {
					235E02B42D28D29400EA7B52 = {
						CreatedOnToolsVersion = 16.2;
					};
					235E02CA2D28D29500EA7B52 = {
						CreatedOnToolsVersion = 16.2;
						TestTargetID = 235E02B42D28D29400EA7B52;
					};
					235E02D42D28D29500EA7B52 = {
						CreatedOnToolsVersion = 16.2;
						TestTargetID = 235E02B42D28D29400EA7B52;
					};
				};
			};
			buildConfigurationList = 235E02B02D28D29400EA7B52 /* Build configuration list for PBXProject "Code Path prework" */;
			developmentRegion = en;
			hasScannedForEncodings = 0;
			knownRegions = (
				en,
				Base,
			);
			mainGroup = 235E02AC2D28D29400EA7B52;
			minimizedProjectReferenceProxies = 1;
			preferredProjectObjectVersion = 77;
			productRefGroup = 235E02B62D28D29400EA7B52 /* Products */;
			projectDirPath = "";
			projectRoot = "";
			targets = (
				235E02B42D28D29400EA7B52 /* Code Path prework */,
				235E02CA2D28D29500EA7B52 /* Code Path preworkTests */,
				235E02D42D28D29500EA7B52 /* Code Path preworkUITests */,
			);
		};
/* End PBXProject section */

/* Begin PBXResourcesBuildPhase section */
		235E02B32D28D29400EA7B52 /* Resources */ = {
			isa = PBXResourcesBuildPhase;
			buildActionMask = 2147483647;
			files = (
			);
			runOnlyForDeploymentPostprocessing = 0;
		};
		235E02C92D28D29500EA7B52 /* Resources */ = {
			isa = PBXResourcesBuildPhase;
			buildActionMask = 2147483647;
			files = (
			);
			runOnlyForDeploymentPostprocessing = 0;
		};
		235E02D32D28D29500EA7B52 /* Resources */ = {
			isa = PBXResourcesBuildPhase;
			buildActionMask = 2147483647;
			files = (
			);
			runOnlyForDeploymentPostprocessing = 0;
		};
/* End PBXResourcesBuildPhase section */

/* Begin PBXSourcesBuildPhase section */
		235E02B12D28D29400EA7B52 /* Sources */ = {
			isa = PBXSourcesBuildPhase;
			buildActionMask = 2147483647;
			files = (
			);
			runOnlyForDeploymentPostprocessing = 0;
		};
		235E02C72D28D29500EA7B52 /* Sources */ = {
			isa = PBXSourcesBuildPhase;
			buildActionMask = 2147483647;
			files = (
			);
			runOnlyForDeploymentPostprocessing = 0;
		};
		235E02D12D28D29500EA7B52 /* Sources */ = {
			isa = PBXSourcesBuildPhase;
			buildActionMask = 2147483647;
			files = (
			);
			runOnlyForDeploymentPostprocessing = 0;
		};
/* End PBXSourcesBuildPhase section */

/* Begin PBXTargetDependency section */
		235E02CD2D28D29500EA7B52 /* PBXTargetDependency */ = {
			isa = PBXTargetDependency;
			target = 235E02B42D28D29400EA7B52 /* Code Path prework */;
			targetProxy = 235E02CC2D28D29500EA7B52 /* PBXContainerItemProxy */;
		};
		235E02D72D28D29500EA7B52 /* PBXTargetDependency */ = {
			isa = PBXTargetDependency;
			target = 235E02B42D28D29400EA7B52 /* Code Path prework */;
			targetProxy = 235E02D62D28D29500EA7B52 /* PBXContainerItemProxy */;
		};
/* End PBXTargetDependency section */

/* Begin XCBuildConfiguration section */
		235E02DF2D28D29500EA7B52 /* Debug */ = {
			isa = XCBuildConfiguration;
			buildSettings = {
				ASSETCATALOG_COMPILER_APPICON_NAME = AppIcon;
				ASSETCATALOG_COMPILER_GLOBAL_ACCENT_COLOR_NAME = AccentColor;
				CODE_SIGN_STYLE = Automatic;
				CURRENT_PROJECT_VERSION = 1;
				GENERATE_INFOPLIST_FILE = YES;
				INFOPLIST_FILE = "Code Path prework/Info.plist";
				INFOPLIST_KEY_UIApplicationSupportsIndirectInputEvents = YES;
				INFOPLIST_KEY_UILaunchStoryboardName = LaunchScreen;
				INFOPLIST_KEY_UIMainStoryboardFile = Main;
				INFOPLIST_KEY_UISupportedInterfaceOrientations_iPad = "UIInterfaceOrientationPortrait UIInterfaceOrientationPortraitUpsideDown UIInterfaceOrientationLandscapeLeft UIInterfaceOrientationLandscapeRight";
				INFOPLIST_KEY_UISupportedInterfaceOrientations_iPhone = "UIInterfaceOrientationPortrait UIInterfaceOrientationLandscapeLeft UIInterfaceOrientationLandscapeRight";
				LD_RUNPATH_SEARCH_PATHS = (
					"$(inherited)",
					"@executable_path/Frameworks",
				);
				MARKETING_VERSION = 1.0;
				PRODUCT_BUNDLE_IDENTIFIER = "x.Code-Path-prework";
				PRODUCT_NAME = "$(TARGET_NAME)";
				SWIFT_EMIT_LOC_STRINGS = YES;
				SWIFT_VERSION = 5.0;
				TARGETED_DEVICE_FAMILY = "1,2";
			};
			name = Debug;
		};
		235E02E02D28D29500EA7B52 /* Release */ = {
			isa = XCBuildConfiguration;
			buildSettings = {
				ASSETCATALOG_COMPILER_APPICON_NAME = AppIcon;
				ASSETCATALOG_COMPILER_GLOBAL_ACCENT_COLOR_NAME = AccentColor;
				CODE_SIGN_STYLE = Automatic;
				CURRENT_PROJECT_VERSION = 1;
				GENERATE_INFOPLIST_FILE = YES;
				INFOPLIST_FILE = "Code Path prework/Info.plist";
				INFOPLIST_KEY_UIApplicationSupportsIndirectInputEvents = YES;
				INFOPLIST_KEY_UILaunchStoryboardName = LaunchScreen;
				INFOPLIST_KEY_UIMainStoryboardFile = Main;
				INFOPLIST_KEY_UISupportedInterfaceOrientations_iPad = "UIInterfaceOrientationPortrait UIInterfaceOrientationPortraitUpsideDown UIInterfaceOrientationLandscapeLeft UIInterfaceOrientationLandscapeRight";
				INFOPLIST_KEY_UISupportedInterfaceOrientations_iPhone = "UIInterfaceOrientationPortrait UIInterfaceOrientationLandscapeLeft UIInterfaceOrientationLandscapeRight";
				LD_RUNPATH_SEARCH_PATHS = (
					"$(inherited)",
					"@executable_path/Frameworks",
				);
				MARKETING_VERSION = 1.0;
				PRODUCT_BUNDLE_IDENTIFIER = "x.Code-Path-prework";
				PRODUCT_NAME = "$(TARGET_NAME)";
				SWIFT_EMIT_LOC_STRINGS = YES;
				SWIFT_VERSION = 5.0;
				TARGETED_DEVICE_FAMILY = "1,2";
			};
			name = Release;
		};
		235E02E12D28D29500EA7B52 /* Debug */ = {
			isa = XCBuildConfiguration;
			buildSettings = {
				ALWAYS_SEARCH_USER_PATHS = NO;
				ASSETCATALOG_COMPILER_GENERATE_SWIFT_ASSET_SYMBOL_EXTENSIONS = YES;
				CLANG_ANALYZER_NONNULL = YES;
				CLANG_ANALYZER_NUMBER_OBJECT_CONVERSION = YES_AGGRESSIVE;
				CLANG_CXX_LANGUAGE_STANDARD = "gnu++20";
				CLANG_ENABLE_MODULES = YES;
				CLANG_ENABLE_OBJC_ARC = YES;
				CLANG_ENABLE_OBJC_WEAK = YES;
				CLANG_WARN_BLOCK_CAPTURE_AUTORELEASING = YES;
				CLANG_WARN_BOOL_CONVERSION = YES;
				CLANG_WARN_COMMA = YES;
				CLANG_WARN_CONSTANT_CONVERSION = YES;
				CLANG_WARN_DEPRECATED_OBJC_IMPLEMENTATIONS = YES;
				CLANG_WARN_DIRECT_OBJC_ISA_USAGE = YES_ERROR;
				CLANG_WARN_DOCUMENTATION_COMMENTS = YES;
				CLANG_WARN_EMPTY_BODY = YES;
				CLANG_WARN_ENUM_CONVERSION = YES;
				CLANG_WARN_INFINITE_RECURSION = YES;
				CLANG_WARN_INT_CONVERSION = YES;
				CLANG_WARN_NON_LITERAL_NULL_CONVERSION = YES;
				CLANG_WARN_OBJC_IMPLICIT_RETAIN_SELF = YES;
				CLANG_WARN_OBJC_LITERAL_CONVERSION = YES;
				CLANG_WARN_OBJC_ROOT_CLASS = YES_ERROR;
				CLANG_WARN_QUOTED_INCLUDE_IN_FRAMEWORK_HEADER = YES;
				CLANG_WARN_RANGE_LOOP_ANALYSIS = YES;
				CLANG_WARN_STRICT_PROTOTYPES = YES;
				CLANG_WARN_SUSPICIOUS_MOVE = YES;
				CLANG_WARN_UNGUARDED_AVAILABILITY = YES_AGGRESSIVE;
				CLANG_WARN_UNREACHABLE_CODE = YES;
				CLANG_WARN__DUPLICATE_METHOD_MATCH = YES;
				COPY_PHASE_STRIP = NO;
				DEBUG_INFORMATION_FORMAT = dwarf;
				ENABLE_STRICT_OBJC_MSGSEND = YES;
				ENABLE_TESTABILITY = YES;
				ENABLE_USER_SCRIPT_SANDBOXING = YES;
				GCC_C_LANGUAGE_STANDARD = gnu17;
				GCC_DYNAMIC_NO_PIC = NO;
				GCC_NO_COMMON_BLOCKS = YES;
				GCC_OPTIMIZATION_LEVEL = 0;
				GCC_PREPROCESSOR_DEFINITIONS = (
					"DEBUG=1",
					"$(inherited)",
				);
				GCC_WARN_64_TO_32_BIT_CONVERSION = YES;
				GCC_WARN_ABOUT_RETURN_TYPE = YES_ERROR;
				GCC_WARN_UNDECLARED_SELECTOR = YES;
				GCC_WARN_UNINITIALIZED_AUTOS = YES_AGGRESSIVE;
				GCC_WARN_UNUSED_FUNCTION = YES;
				GCC_WARN_UNUSED_VARIABLE = YES;
				IPHONEOS_DEPLOYMENT_TARGET = 18.2;
				LOCALIZATION_PREFERS_STRING_CATALOGS = YES;
				MTL_ENABLE_DEBUG_INFO = INCLUDE_SOURCE;
				MTL_FAST_MATH = YES;
				ONLY_ACTIVE_ARCH = YES;
				SDKROOT = iphoneos;
				SWIFT_ACTIVE_COMPILATION_CONDITIONS = "DEBUG $(inherited)";
				SWIFT_OPTIMIZATION_LEVEL = "-Onone";
			};
			name = Debug;
		};
		235E02E22D28D29500EA7B52 /* Release */ = {
			isa = XCBuildConfiguration;
			buildSettings = {
				ALWAYS_SEARCH_USER_PATHS = NO;
				ASSETCATALOG_COMPILER_GENERATE_SWIFT_ASSET_SYMBOL_EXTENSIONS = YES;
				CLANG_ANALYZER_NONNULL = YES;
				CLANG_ANALYZER_NUMBER_OBJECT_CONVERSION = YES_AGGRESSIVE;
				CLANG_CXX_LANGUAGE_STANDARD = "gnu++20";
				CLANG_ENABLE_MODULES = YES;
				CLANG_ENABLE_OBJC_ARC = YES;
				CLANG_ENABLE_OBJC_WEAK = YES;
				CLANG_WARN_BLOCK_CAPTURE_AUTORELEASING = YES;
				CLANG_WARN_BOOL_CONVERSION = YES;
				CLANG_WARN_COMMA = YES;
				CLANG_WARN_CONSTANT_CONVERSION = YES;
				CLANG_WARN_DEPRECATED_OBJC_IMPLEMENTATIONS = YES;
				CLANG_WARN_DIRECT_OBJC_ISA_USAGE = YES_ERROR;
				CLANG_WARN_DOCUMENTATION_COMMENTS = YES;
				CLANG_WARN_EMPTY_BODY = YES;
				CLANG_WARN_ENUM_CONVERSION = YES;
				CLANG_WARN_INFINITE_RECURSION = YES;
				CLANG_WARN_INT_CONVERSION = YES;
				CLANG_WARN_NON_LITERAL_NULL_CONVERSION = YES;
				CLANG_WARN_OBJC_IMPLICIT_RETAIN_SELF = YES;
				CLANG_WARN_OBJC_LITERAL_CONVERSION = YES;
				CLANG_WARN_OBJC_ROOT_CLASS = YES_ERROR;
				CLANG_WARN_QUOTED_INCLUDE_IN_FRAMEWORK_HEADER = YES;
				CLANG_WARN_RANGE_LOOP_ANALYSIS = YES;
				CLANG_WARN_STRICT_PROTOTYPES = YES;
				CLANG_WARN_SUSPICIOUS_MOVE = YES;
				CLANG_WARN_UNGUARDED_AVAILABILITY = YES_AGGRESSIVE;
				CLANG_WARN_UNREACHABLE_CODE = YES;
				CLANG_WARN__DUPLICATE_METHOD_MATCH = YES;
				COPY_PHASE_STRIP = NO;
				DEBUG_INFORMATION_FORMAT = "dwarf-with-dsym";
				ENABLE_NS_ASSERTIONS = NO;
				ENABLE_STRICT_OBJC_MSGSEND = YES;
				ENABLE_USER_SCRIPT_SANDBOXING = YES;
				GCC_C_LANGUAGE_STANDARD = gnu17;
				GCC_NO_COMMON_BLOCKS = YES;
				GCC_WARN_64_TO_32_BIT_CONVERSION = YES;
				GCC_WARN_ABOUT_RETURN_TYPE = YES_ERROR;
				GCC_WARN_UNDECLARED_SELECTOR = YES;
				GCC_WARN_UNINITIALIZED_AUTOS = YES_AGGRESSIVE;
				GCC_WARN_UNUSED_FUNCTION = YES;
				GCC_WARN_UNUSED_VARIABLE = YES;
				IPHONEOS_DEPLOYMENT_TARGET = 18.2;
				LOCALIZATION_PREFERS_STRING_CATALOGS = YES;
				MTL_ENABLE_DEBUG_INFO = NO;
				MTL_FAST_MATH = YES;
				SDKROOT = iphoneos;
				SWIFT_COMPILATION_MODE = wholemodule;
				VALIDATE_PRODUCT = YES;
			};
			name = Release;
		};
		235E02E42D28D29500EA7B52 /* Debug */ = {
			isa = XCBuildConfiguration;
			buildSettings = {
				BUNDLE_LOADER = "$(TEST_HOST)";
				CODE_SIGN_STYLE = Automatic;
				CURRENT_PROJECT_VERSION = 1;
				GENERATE_INFOPLIST_FILE = YES;
				IPHONEOS_DEPLOYMENT_TARGET = 18.2;
				MARKETING_VERSION = 1.0;
				PRODUCT_BUNDLE_IDENTIFIER = "x.Code-Path-preworkTests";
				PRODUCT_NAME = "$(TARGET_NAME)";
				SWIFT_EMIT_LOC_STRINGS = NO;
				SWIFT_VERSION = 5.0;
				TARGETED_DEVICE_FAMILY = "1,2";
				TEST_HOST = "$(BUILT_PRODUCTS_DIR)/Code Path prework.app/$(BUNDLE_EXECUTABLE_FOLDER_PATH)/Code Path prework";
			};
			name = Debug;
		};
		235E02E52D28D29500EA7B52 /* Release */ = {
			isa = XCBuildConfiguration;
			buildSettings = {
				BUNDLE_LOADER = "$(TEST_HOST)";
				CODE_SIGN_STYLE = Automatic;
				CURRENT_PROJECT_VERSION = 1;
				GENERATE_INFOPLIST_FILE = YES;
				IPHONEOS_DEPLOYMENT_TARGET = 18.2;
				MARKETING_VERSION = 1.0;
				PRODUCT_BUNDLE_IDENTIFIER = "x.Code-Path-preworkTests";
				PRODUCT_NAME = "$(TARGET_NAME)";
				SWIFT_EMIT_LOC_STRINGS = NO;
				SWIFT_VERSION = 5.0;
				TARGETED_DEVICE_FAMILY = "1,2";
				TEST_HOST = "$(BUILT_PRODUCTS_DIR)/Code Path prework.app/$(BUNDLE_EXECUTABLE_FOLDER_PATH)/Code Path prework";
			};
			name = Release;
		};
		235E02E72D28D29500EA7B52 /* Debug */ = {
			isa = XCBuildConfiguration;
			buildSettings = {
				CODE_SIGN_STYLE = Automatic;
				CURRENT_PROJECT_VERSION = 1;
				GENERATE_INFOPLIST_FILE = YES;
				MARKETING_VERSION = 1.0;
				PRODUCT_BUNDLE_IDENTIFIER = "x.Code-Path-preworkUITests";
				PRODUCT_NAME = "$(TARGET_NAME)";
				SWIFT_EMIT_LOC_STRINGS = NO;
				SWIFT_VERSION = 5.0;
				TARGETED_DEVICE_FAMILY = "1,2";
				TEST_TARGET_NAME = "Code Path prework";
			};
			name = Debug;
		};
		235E02E82D28D29500EA7B52 /* Release */ = {
			isa = XCBuildConfiguration;
			buildSettings = {
				CODE_SIGN_STYLE = Automatic;
				CURRENT_PROJECT_VERSION = 1;
				GENERATE_INFOPLIST_FILE = YES;
				MARKETING_VERSION = 1.0;
				PRODUCT_BUNDLE_IDENTIFIER = "x.Code-Path-preworkUITests";
				PRODUCT_NAME = "$(TARGET_NAME)";
				SWIFT_EMIT_LOC_STRINGS = NO;
				SWIFT_VERSION = 5.0;
				TARGETED_DEVICE_FAMILY = "1,2";
				TEST_TARGET_NAME = "Code Path prework";
			};
			name = Release;
		};
/* End XCBuildConfiguration section */

/* Begin XCConfigurationList section */
		235E02B02D28D29400EA7B52 /* Build configuration list for PBXProject "Code Path prework" */ = {
			isa = XCConfigurationList;
			buildConfigurations = (
				235E02E12D28D29500EA7B52 /* Debug */,
				235E02E22D28D29500EA7B52 /* Release */,
			);
			defaultConfigurationIsVisible = 0;
			defaultConfigurationName = Release;
		};
		235E02DE2D28D29500EA7B52 /* Build configuration list for PBXNativeTarget "Code Path prework" */ = {
			isa = XCConfigurationList;
			buildConfigurations = (
				235E02DF2D28D29500EA7B52 /* Debug */,
				235E02E02D28D29500EA7B52 /* Release */,
			);
			defaultConfigurationIsVisible = 0;
			defaultConfigurationName = Release;
		};
		235E02E32D28D29500EA7B52 /* Build configuration list for PBXNativeTarget "Code Path preworkTests" */ = {
			isa = XCConfigurationList;
			buildConfigurations = (
				235E02E42D28D29500EA7B52 /* Debug */,
				235E02E52D28D29500EA7B52 /* Release */,
			);
			defaultConfigurationIsVisible = 0;
			defaultConfigurationName = Release;
		};
		235E02E62D28D29500EA7B52 /* Build configuration list for PBXNativeTarget "Code Path preworkUITests" */ = {
			isa = XCConfigurationList;
			buildConfigurations = (
				235E02E72D28D29500EA7B52 /* Debug */,
				235E02E82D28D29500EA7B52 /* Release */,
			);
			defaultConfigurationIsVisible = 0;
			defaultConfigurationName = Release;
		};
/* End XCConfigurationList section */
	};
	rootObject = 235E02AD2D28D29400EA7B52 /* Project object */;
}
